
Microsoft Visual Studio Solution File, Format Version 12.00
# Visual Studio Version 17
VisualStudioVersion = 17.13.35806.99 d17.13
MinimumVisualStudioVersion = 10.0.40219.1
Project("{FAE04EC0-301F-11D3-BF4B-00C04F79EFBC}") = "c#_6_matrix", "c#_6_matrix\c#_6_matrix.csproj", "{F1F23D66-BF5C-4EAF-8E73-445A21625E14}"
EndProject
Global
	GlobalSection(SolutionConfigurationPlatforms) = preSolution
		Debug|Any CPU = Debug|Any CPU
		Release|Any CPU = Release|Any CPU
	EndGlobalSection
	GlobalSection(ProjectConfigurationPlatforms) = postSolution
		{F1F23D66-BF5C-4EAF-8E73-445A21625E14}.Debug|Any CPU.ActiveCfg = Debug|Any CPU
		{F1F23D66-BF5C-4EAF-8E73-445A21625E14}.Debug|Any CPU.Build.0 = Debug|Any CPU
		{F1F23D66-BF5C-4EAF-8E73-445A21625E14}.Release|Any CPU.ActiveCfg = Release|Any CPU
		{F1F23D66-BF5C-4EAF-8E73-445A21625E14}.Release|Any CPU.Build.0 = Release|Any CPU
	EndGlobalSection
	GlobalSection(SolutionProperties) = preSolution
		HideSolutionNode = FALSE
	EndGlobalSection
	GlobalSection(ExtensibilityGlobals) = postSolution
		SolutionGuid = {CCF46906-19BD-409B-B357-A48F4A82656E}
	EndGlobalSection
EndGlobal
