
Microsoft Visual Studio Solution File, Format Version 12.00
# Visual Studio Version 17
VisualStudioVersion = 17.13.35806.99 d17.13
MinimumVisualStudioVersion = 10.0.40219.1
Project("{FAE04EC0-301F-11D3-BF4B-00C04F79EFBC}") = "c#_11_winform", "c#_11_winform\c#_11_winform.csproj", "{530C0894-DE70-452F-A37E-05D6E9973968}"
EndProject
Global
	GlobalSection(SolutionConfigurationPlatforms) = preSolution
		Debug|Any CPU = Debug|Any CPU
		Release|Any CPU = Release|Any CPU
	EndGlobalSection
	GlobalSection(ProjectConfigurationPlatforms) = postSolution
		{530C0894-DE70-452F-A37E-05D6E9973968}.Debug|Any CPU.ActiveCfg = Debug|Any CPU
		{530C0894-DE70-452F-A37E-05D6E9973968}.Debug|Any CPU.Build.0 = Debug|Any CPU
		{530C0894-DE70-452F-A37E-05D6E9973968}.Release|Any CPU.ActiveCfg = Release|Any CPU
		{530C0894-DE70-452F-A37E-05D6E9973968}.Release|Any CPU.Build.0 = Release|Any CPU
	EndGlobalSection
	GlobalSection(SolutionProperties) = preSolution
		HideSolutionNode = FALSE
	EndGlobalSection
	GlobalSection(ExtensibilityGlobals) = postSolution
		SolutionGuid = {9771E1D8-573E-42A5-9C18-59FC385DF43B}
	EndGlobalSection
EndGlobal
