
Microsoft Visual Studio Solution File, Format Version 12.00
# Visual Studio Version 17
VisualStudioVersion = 17.13.35806.99 d17.13
MinimumVisualStudioVersion = 10.0.40219.1
Project("{FAE04EC0-301F-11D3-BF4B-00C04F79EFBC}") = "c#_1_calculator", "c#_1_calculator\c#_1_calculator.csproj", "{31577ECA-6F6C-42DD-BEC8-A9B79CB54331}"
EndProject
Global
	GlobalSection(SolutionConfigurationPlatforms) = preSolution
		Debug|Any CPU = Debug|Any CPU
		Release|Any CPU = Release|Any CPU
	EndGlobalSection
	GlobalSection(ProjectConfigurationPlatforms) = postSolution
		{31577ECA-6F6C-42DD-BEC8-A9B79CB54331}.Debug|Any CPU.ActiveCfg = Debug|Any CPU
		{31577ECA-6F6C-42DD-BEC8-A9B79CB54331}.Debug|Any CPU.Build.0 = Debug|Any CPU
		{31577ECA-6F6C-42DD-BEC8-A9B79CB54331}.Release|Any CPU.ActiveCfg = Release|Any CPU
		{31577ECA-6F6C-42DD-BEC8-A9B79CB54331}.Release|Any CPU.Build.0 = Release|Any CPU
	EndGlobalSection
	GlobalSection(SolutionProperties) = preSolution
		HideSolutionNode = FALSE
	EndGlobalSection
	GlobalSection(ExtensibilityGlobals) = postSolution
		SolutionGuid = {6630C770-3F1E-4456-99C9-0C7E1F98B45D}
	EndGlobalSection
EndGlobal
