
Microsoft Visual Studio Solution File, Format Version 12.00
# Visual Studio Version 17
VisualStudioVersion = 17.13.35806.99 d17.13
MinimumVisualStudioVersion = 10.0.40219.1
Project("{FAE04EC0-301F-11D3-BF4B-00C04F79EFBC}") = "c#_4_array", "c#_4_array\c#_4_array.csproj", "{0BBBC798-612C-4AB6-B268-B30FF0ACD60A}"
EndProject
Global
	GlobalSection(SolutionConfigurationPlatforms) = preSolution
		Debug|Any CPU = Debug|Any CPU
		Release|Any CPU = Release|Any CPU
	EndGlobalSection
	GlobalSection(ProjectConfigurationPlatforms) = postSolution
		{0BBBC798-612C-4AB6-B268-B30FF0ACD60A}.Debug|Any CPU.ActiveCfg = Debug|Any CPU
		{0BBBC798-612C-4AB6-B268-B30FF0ACD60A}.Debug|Any CPU.Build.0 = Debug|Any CPU
		{0BBBC798-612C-4AB6-B268-B30FF0ACD60A}.Release|Any CPU.ActiveCfg = Release|Any CPU
		{0BBBC798-612C-4AB6-B268-B30FF0ACD60A}.Release|Any CPU.Build.0 = Release|Any CPU
	EndGlobalSection
	GlobalSection(SolutionProperties) = preSolution
		HideSolutionNode = FALSE
	EndGlobalSection
	GlobalSection(ExtensibilityGlobals) = postSolution
		SolutionGuid = {0A451E3B-1D63-4598-864E-3CAD1DED5815}
	EndGlobalSection
EndGlobal
