
Microsoft Visual Studio Solution File, Format Version 12.00
# Visual Studio Version 17
VisualStudioVersion = 17.13.35806.99 d17.13
MinimumVisualStudioVersion = 10.0.40219.1
Project("{FAE04EC0-301F-11D3-BF4B-00C04F79EFBC}") = "c#_7_shapes", "c#_7_shapes\c#_7_shapes.csproj", "{6EC51727-73B4-425E-B407-6FC3316AF95E}"
EndProject
Global
	GlobalSection(SolutionConfigurationPlatforms) = preSolution
		Debug|Any CPU = Debug|Any CPU
		Release|Any CPU = Release|Any CPU
	EndGlobalSection
	GlobalSection(ProjectConfigurationPlatforms) = postSolution
		{6EC51727-73B4-425E-B407-6FC3316AF95E}.Debug|Any CPU.ActiveCfg = Debug|Any CPU
		{6EC51727-73B4-425E-B407-6FC3316AF95E}.Debug|Any CPU.Build.0 = Debug|Any CPU
		{6EC51727-73B4-425E-B407-6FC3316AF95E}.Release|Any CPU.ActiveCfg = Release|Any CPU
		{6EC51727-73B4-425E-B407-6FC3316AF95E}.Release|Any CPU.Build.0 = Release|Any CPU
	EndGlobalSection
	GlobalSection(SolutionProperties) = preSolution
		HideSolutionNode = FALSE
	EndGlobalSection
	GlobalSection(ExtensibilityGlobals) = postSolution
		SolutionGuid = {A3D72872-C612-49BA-96AD-7C52EEFA7088}
	EndGlobalSection
EndGlobal
